
Microsoft Visual Studio Solution File, Format Version 12.00
# Visual Studio Version 16
VisualStudioVersion = 16.0.30803.129
MinimumVisualStudioVersion = 10.0.40219.1
Project("{9A19103F-16F7-4668-BE54-9A1E7A4F7556}") = "WSR", "WSR\WSR.csproj", "{5CE8E5B2-106A-4555-A41D-5BB7E7B93DDB}"
EndProject
Project("{FAE04EC0-301F-11D3-BF4B-00C04F79EFBC}") = "WSR2", "WSR2\WSR2.csproj", "{85878C92-75AF-4FF5-93BF-63BDCB24D99A}"
EndProject
Global
	GlobalSection(SolutionConfigurationPlatforms) = preSolution
		Debug|Any CPU = Debug|Any CPU
		Release|Any CPU = Release|Any CPU
	EndGlobalSection
	GlobalSection(ProjectConfigurationPlatforms) = postSolution
		{5CE8E5B2-106A-4555-A41D-5BB7E7B93DDB}.Debug|Any CPU.ActiveCfg = Debug|Any CPU
		{5CE8E5B2-106A-4555-A41D-5BB7E7B93DDB}.Debug|Any CPU.Build.0 = Debug|Any CPU
		{5CE8E5B2-106A-4555-A41D-5BB7E7B93DDB}.Release|Any CPU.ActiveCfg = Release|Any CPU
		{5CE8E5B2-106A-4555-A41D-5BB7E7B93DDB}.Release|Any CPU.Build.0 = Release|Any CPU
		{85878C92-75AF-4FF5-93BF-63BDCB24D99A}.Debug|Any CPU.ActiveCfg = Debug|Any CPU
		{85878C92-75AF-4FF5-93BF-63BDCB24D99A}.Debug|Any CPU.Build.0 = Debug|Any CPU
		{85878C92-75AF-4FF5-93BF-63BDCB24D99A}.Release|Any CPU.ActiveCfg = Release|Any CPU
		{85878C92-75AF-4FF5-93BF-63BDCB24D99A}.Release|Any CPU.Build.0 = Release|Any CPU
	EndGlobalSection
	GlobalSection(SolutionProperties) = preSolution
		HideSolutionNode = FALSE
	EndGlobalSection
	GlobalSection(ExtensibilityGlobals) = postSolution
		SolutionGuid = {BB5C1CBF-55F0-437C-BA33-CC8B5765DEAF}
	EndGlobalSection
EndGlobal
